{
  "originHash" : "d5769d12c0b5b65dda654df0cbb42bbd4eda359a7b80d39b0bb60240f971ce19",
  "pins" : [
    {
      "identity" : "dynamicnotchkit",
      "kind" : "remoteSourceControl",
      "location" : "https://github.com/MrKai77/DynamicNotchKit",
      "state" : {
        "revision" : "e13aecf68c6519726aa5315f8fa4501c489ca574",
        "version" : "0.1.0"
      }
    }
  ],
  "version" : 3
}
